// !$*UTF8*$!
{
	archiveVersion = 1;
	classes = {
	};
	objectVersion = 46;
	objects = {

/* Begin PBXBuildFile section */
		84DBC6831CB64CC3009C3A98 /* main.m in Sources */ = {isa = PBXBuildFile; fileRef = 84DBC6821CB64CC3009C3A98 /* main.m */; };
		84DBC6861CB64CC3009C3A98 /* AppDelegate.m in Sources */ = {isa = PBXBuildFile; fileRef = 84DBC6851CB64CC3009C3A98 /* AppDelegate.m */; };
		84DBC6891CB64CC4009C3A98 /* ViewController.m in Sources */ = {isa = PBXBuildFile; fileRef = 84DBC6881CB64CC4009C3A98 /* ViewController.m */; };
		84DBC68C1CB64CC4009C3A98 /* Main.storyboard in Resources */ = {isa = PBXBuildFile; fileRef = 84DBC68A1CB64CC4009C3A98 /* Main.storyboard */; };
		84DBC68F1CB64CC4009C3A98 /* TinkoffDepositionPoints.xcdatamodeld in Sources */ = {isa = PBXBuildFile; fileRef = 84DBC68D1CB64CC4009C3A98 /* TinkoffDepositionPoints.xcdatamodeld */; };
		84DBC6911CB64CC4009C3A98 /* Assets.xcassets in Resources */ = {isa = PBXBuildFile; fileRef = 84DBC6901CB64CC4009C3A98 /* Assets.xcassets */; };
		84DBC6941CB64CC4009C3A98 /* LaunchScreen.storyboard in Resources */ = {isa = PBXBuildFile; fileRef = 84DBC6921CB64CC4009C3A98 /* LaunchScreen.storyboard */; };
/* End PBXBuildFile section */

/* Begin PBXFileReference section */
		84DBC67E1CB64CC3009C3A98 /* TinkoffDepositionPoints.app */ = {isa = PBXFileReference; explicitFileType = wrapper.application; includeInIndex = 0; path = TinkoffDepositionPoints.app; sourceTree = BUILT_PRODUCTS_DIR; };
		84DBC6821CB64CC3009C3A98 /* main.m */ = {isa = PBXFileReference; lastKnownFileType = sourcecode.c.objc; path = main.m; sourceTree = "<group>"; };
		84DBC6841CB64CC3009C3A98 /* AppDelegate.h */ = {isa = PBXFileReference; lastKnownFileType = sourcecode.c.h; path = AppDelegate.h; sourceTree = "<group>"; };
		84DBC6851CB64CC3009C3A98 /* AppDelegate.m */ = {isa = PBXFileReference; lastKnownFileType = sourcecode.c.objc; path = AppDelegate.m; sourceTree = "<group>"; };
		84DBC6871CB64CC3009C3A98 /* ViewController.h */ = {isa = PBXFileReference; lastKnownFileType = sourcecode.c.h; path = ViewController.h; sourceTree = "<group>"; };
		84DBC6881CB64CC4009C3A98 /* ViewController.m */ = {isa = PBXFileReference; lastKnownFileType = sourcecode.c.objc; path = ViewController.m; sourceTree = "<group>"; };
		84DBC68B1CB64CC4009C3A98 /* Base */ = {isa = PBXFileReference; lastKnownFileType = file.storyboard; name = Base; path = Base.lproj/Main.storyboard; sourceTree = "<group>"; };
		84DBC68E1CB64CC4009C3A98 /* TinkoffDepositionPoints.xcdatamodel */ = {isa = PBXFileReference; lastKnownFileType = wrapper.xcdatamodel; path = TinkoffDepositionPoints.xcdatamodel; sourceTree = "<group>"; };
		84DBC6901CB64CC4009C3A98 /* Assets.xcassets */ = {isa = PBXFileReference; lastKnownFileType = folder.assetcatalog; path = Assets.xcassets; sourceTree = "<group>"; };
		84DBC6931CB64CC4009C3A98 /* Base */ = {isa = PBXFileReference; lastKnownFileType = file.storyboard; name = Base; path = Base.lproj/LaunchScreen.storyboard; sourceTree = "<group>"; };
		84DBC6951CB64CC4009C3A98 /* Info.plist */ = {isa = PBXFileReference; lastKnownFileType = text.plist.xml; path = Info.plist; sourceTree = "<group>"; };
/* End PBXFileReference section */

/* Begin PBXFrameworksBuildPhase section */
		84DBC67B1CB64CC3009C3A98 /* Frameworks */ = {
			isa = PBXFrameworksBuildPhase;
			buildActionMask = 2147483647;
			files = (
			);
			runOnlyForDeploymentPostprocessing = 0;
		};
/* End PBXFrameworksBuildPhase section */

/* Begin PBXGroup section */
		84DBC6751CB64CC3009C3A98 = {
			isa = PBXGroup;
			children = (
				84DBC6801CB64CC3009C3A98 /* TinkoffDepositionPoints */,
				84DBC67F1CB64CC3009C3A98 /* Products */,
			);
			sourceTree = "<group>";
		};
		84DBC67F1CB64CC3009C3A98 /* Products */ = {
			isa = PBXGroup;
			children = (
				84DBC67E1CB64CC3009C3A98 /* TinkoffDepositionPoints.app */,
			);
			name = Products;
			sourceTree = "<group>";
		};
		84DBC6801CB64CC3009C3A98 /* TinkoffDepositionPoints */ = {
			isa = PBXGroup;
			children = (
				84DBC6841CB64CC3009C3A98 /* AppDelegate.h */,
				84DBC6851CB64CC3009C3A98 /* AppDelegate.m */,
				84DBC6871CB64CC3009C3A98 /* ViewController.h */,
				84DBC6881CB64CC4009C3A98 /* ViewController.m */,
				84DBC68A1CB64CC4009C3A98 /* Main.storyboard */,
				84DBC6901CB64CC4009C3A98 /* Assets.xcassets */,
				84DBC6921CB64CC4009C3A98 /* LaunchScreen.storyboard */,
				84DBC6951CB64CC4009C3A98 /* Info.plist */,
				84DBC68D1CB64CC4009C3A98 /* TinkoffDepositionPoints.xcdatamodeld */,
				84DBC6811CB64CC3009C3A98 /* Supporting Files */,
			);
			path = TinkoffDepositionPoints;
			sourceTree = "<group>";
		};
		84DBC6811CB64CC3009C3A98 /* Supporting Files */ = {
			isa = PBXGroup;
			children = (
				84DBC6821CB64CC3009C3A98 /* main.m */,
			);
			name = "Supporting Files";
			sourceTree = "<group>";
		};
/* End PBXGroup section */

/* Begin PBXNativeTarget section */
		84DBC67D1CB64CC3009C3A98 /* TinkoffDepositionPoints */ = {
			isa = PBXNativeTarget;
			buildConfigurationList = 84DBC6981CB64CC4009C3A98 /* Build configuration list for PBXNativeTarget "TinkoffDepositionPoints" */;
			buildPhases = (
				84DBC67A1CB64CC3009C3A98 /* Sources */,
				84DBC67B1CB64CC3009C3A98 /* Frameworks */,
				84DBC67C1CB64CC3009C3A98 /* Resources */,
			);
			buildRules = (
			);
			dependencies = (
			);
			name = TinkoffDepositionPoints;
			productName = TinkoffDepositionPoints;
			productReference = 84DBC67E1CB64CC3009C3A98 /* TinkoffDepositionPoints.app */;
			productType = "com.apple.product-type.application";
		};
/* End PBXNativeTarget section */

/* Begin PBXProject section */
		84DBC6761CB64CC3009C3A98 /* Project object */ = {
			isa = PBXProject;
			attributes = {
				LastUpgradeCheck = 0720;
				ORGANIZATIONNAME = "Anton Glezman";
				TargetAttributes = {
					84DBC67D1CB64CC3009C3A98 = {
						CreatedOnToolsVersion = 7.2;
						DevelopmentTeam = LPWFN2NLR7;
					};
				};
			};
			buildConfigurationList = 84DBC6791CB64CC3009C3A98 /* Build configuration list for PBXProject "TinkoffDepositionPoints" */;
			compatibilityVersion = "Xcode 3.2";
			developmentRegion = English;
			hasScannedForEncodings = 0;
			knownRegions = (
				en,
				Base,
			);
			mainGroup = 84DBC6751CB64CC3009C3A98;
			productRefGroup = 84DBC67F1CB64CC3009C3A98 /* Products */;
			projectDirPath = "";
			projectRoot = "";
			targets = (
				84DBC67D1CB64CC3009C3A98 /* TinkoffDepositionPoints */,
			);
		};
/* End PBXProject section */

/* Begin PBXResourcesBuildPhase section */
		84DBC67C1CB64CC3009C3A98 /* Resources */ = {
			isa = PBXResourcesBuildPhase;
			buildActionMask = 2147483647;
			files = (
				84DBC6941CB64CC4009C3A98 /* LaunchScreen.storyboard in Resources */,
				84DBC6911CB64CC4009C3A98 /* Assets.xcassets in Resources */,
				84DBC68C1CB64CC4009C3A98 /* Main.storyboard in Resources */,
			);
			runOnlyForDeploymentPostprocessing = 0;
		};
/* End PBXResourcesBuildPhase section */

/* Begin PBXSourcesBuildPhase section */
		84DBC67A1CB64CC3009C3A98 /* Sources */ = {
			isa = PBXSourcesBuildPhase;
			buildActionMask = 2147483647;
			files = (
				84DBC68F1CB64CC4009C3A98 /* TinkoffDepositionPoints.xcdatamodeld in Sources */,
				84DBC6891CB64CC4009C3A98 /* ViewController.m in Sources */,
				84DBC6861CB64CC3009C3A98 /* AppDelegate.m in Sources */,
				84DBC6831CB64CC3009C3A98 /* main.m in Sources */,
			);
			runOnlyForDeploymentPostprocessing = 0;
		};
/* End PBXSourcesBuildPhase section */

/* Begin PBXVariantGroup section */
		84DBC68A1CB64CC4009C3A98 /* Main.storyboard */ = {
			isa = PBXVariantGroup;
			children = (
				84DBC68B1CB64CC4009C3A98 /* Base */,
			);
			name = Main.storyboard;
			sourceTree = "<group>";
		};
		84DBC6921CB64CC4009C3A98 /* LaunchScreen.storyboard */ = {
			isa = PBXVariantGroup;
			children = (
				84DBC6931CB64CC4009C3A98 /* Base */,
			);
			name = LaunchScreen.storyboard;
			sourceTree = "<group>";
		};
/* End PBXVariantGroup section */

/* Begin XCBuildConfiguration section */
		84DBC6961CB64CC4009C3A98 /* Debug */ = {
			isa = XCBuildConfiguration;
			buildSettings = {
				ALWAYS_SEARCH_USER_PATHS = NO;
				CLANG_CXX_LANGUAGE_STANDARD = "gnu++0x";
				CLANG_CXX_LIBRARY = "libc++";
				CLANG_ENABLE_MODULES = YES;
				CLANG_ENABLE_OBJC_ARC = YES;
				CLANG_WARN_BOOL_CONVERSION = YES;
				CLANG_WARN_CONSTANT_CONVERSION = YES;
				CLANG_WARN_DIRECT_OBJC_ISA_USAGE = YES_ERROR;
				CLANG_WARN_EMPTY_BODY = YES;
				CLANG_WARN_ENUM_CONVERSION = YES;
				CLANG_WARN_INT_CONVERSION = YES;
				CLANG_WARN_OBJC_ROOT_CLASS = YES_ERROR;
				CLANG_WARN_UNREACHABLE_CODE = YES;
				CLANG_WARN__DUPLICATE_METHOD_MATCH = YES;
				"CODE_SIGN_IDENTITY[sdk=iphoneos*]" = "iPhone Developer";
				COPY_PHASE_STRIP = NO;
				DEBUG_INFORMATION_FORMAT = dwarf;
				ENABLE_STRICT_OBJC_MSGSEND = YES;
				ENABLE_TESTABILITY = YES;
				GCC_C_LANGUAGE_STANDARD = gnu99;
				GCC_DYNAMIC_NO_PIC = NO;
				GCC_NO_COMMON_BLOCKS = YES;
				GCC_OPTIMIZATION_LEVEL = 0;
				GCC_PREPROCESSOR_DEFINITIONS = (
					"DEBUG=1",
					"$(inherited)",
				);
				GCC_WARN_64_TO_32_BIT_CONVERSION = YES;
				GCC_WARN_ABOUT_RETURN_TYPE = YES_ERROR;
				GCC_WARN_UNDECLARED_SELECTOR = YES;
				GCC_WARN_UNINITIALIZED_AUTOS = YES_AGGRESSIVE;
				GCC_WARN_UNUSED_FUNCTION = YES;
				GCC_WARN_UNUSED_VARIABLE = YES;
				IPHONEOS_DEPLOYMENT_TARGET = 9.2;
				MTL_ENABLE_DEBUG_INFO = YES;
				ONLY_ACTIVE_ARCH = YES;
				SDKROOT = iphoneos;
				TARGETED_DEVICE_FAMILY = "1,2";
			};
			name = Debug;
		};
		84DBC6971CB64CC4009C3A98 /* Release */ = {
			isa = XCBuildConfiguration;
			buildSettings = {
				ALWAYS_SEARCH_USER_PATHS = NO;
				CLANG_CXX_LANGUAGE_STANDARD = "gnu++0x";
				CLANG_CXX_LIBRARY = "libc++";
				CLANG_ENABLE_MODULES = YES;
				CLANG_ENABLE_OBJC_ARC = YES;
				CLANG_WARN_BOOL_CONVERSION = YES;
				CLANG_WARN_CONSTANT_CONVERSION = YES;
				CLANG_WARN_DIRECT_OBJC_ISA_USAGE = YES_ERROR;
				CLANG_WARN_EMPTY_BODY = YES;
				CLANG_WARN_ENUM_CONVERSION = YES;
				CLANG_WARN_INT_CONVERSION = YES;
				CLANG_WARN_OBJC_ROOT_CLASS = YES_ERROR;
				CLANG_WARN_UNREACHABLE_CODE = YES;
				CLANG_WARN__DUPLICATE_METHOD_MATCH = YES;
				"CODE_SIGN_IDENTITY[sdk=iphoneos*]" = "iPhone Developer";
				COPY_PHASE_STRIP = NO;
				DEBUG_INFORMATION_FORMAT = "dwarf-with-dsym";
				ENABLE_NS_ASSERTIONS = NO;
				ENABLE_STRICT_OBJC_MSGSEND = YES;
				GCC_C_LANGUAGE_STANDARD = gnu99;
				GCC_NO_COMMON_BLOCKS = YES;
				GCC_WARN_64_TO_32_BIT_CONVERSION = YES;
				GCC_WARN_ABOUT_RETURN_TYPE = YES_ERROR;
				GCC_WARN_UNDECLARED_SELECTOR = YES;
				GCC_WARN_UNINITIALIZED_AUTOS = YES_AGGRESSIVE;
				GCC_WARN_UNUSED_FUNCTION = YES;
				GCC_WARN_UNUSED_VARIABLE = YES;
				IPHONEOS_DEPLOYMENT_TARGET = 9.2;
				MTL_ENABLE_DEBUG_INFO = NO;
				SDKROOT = iphoneos;
				TARGETED_DEVICE_FAMILY = "1,2";
				VALIDATE_PRODUCT = YES;
			};
			name = Release;
		};
		84DBC6991CB64CC4009C3A98 /* Debug */ = {
			isa = XCBuildConfiguration;
			buildSettings = {
				ASSETCATALOG_COMPILER_APPICON_NAME = AppIcon;
				INFOPLIST_FILE = TinkoffDepositionPoints/Info.plist;
				LD_RUNPATH_SEARCH_PATHS = "$(inherited) @executable_path/Frameworks";
				PRODUCT_BUNDLE_IDENTIFIER = ru.glezman.TinkoffDepositionPoints;
				PRODUCT_NAME = "$(TARGET_NAME)";
			};
			name = Debug;
		};
		84DBC69A1CB64CC4009C3A98 /* Release */ = {
			isa = XCBuildConfiguration;
			buildSettings = {
				ASSETCATALOG_COMPILER_APPICON_NAME = AppIcon;
				INFOPLIST_FILE = TinkoffDepositionPoints/Info.plist;
				LD_RUNPATH_SEARCH_PATHS = "$(inherited) @executable_path/Frameworks";
				PRODUCT_BUNDLE_IDENTIFIER = ru.glezman.TinkoffDepositionPoints;
				PRODUCT_NAME = "$(TARGET_NAME)";
			};
			name = Release;
		};
/* End XCBuildConfiguration section */

/* Begin XCConfigurationList section */
		84DBC6791CB64CC3009C3A98 /* Build configuration list for PBXProject "TinkoffDepositionPoints" */ = {
			isa = XCConfigurationList;
			buildConfigurations = (
				84DBC6961CB64CC4009C3A98 /* Debug */,
				84DBC6971CB64CC4009C3A98 /* Release */,
			);
			defaultConfigurationIsVisible = 0;
			defaultConfigurationName = Release;
		};
		84DBC6981CB64CC4009C3A98 /* Build configuration list for PBXNativeTarget "TinkoffDepositionPoints" */ = {
			isa = XCConfigurationList;
			buildConfigurations = (
				84DBC6991CB64CC4009C3A98 /* Debug */,
				84DBC69A1CB64CC4009C3A98 /* Release */,
			);
			defaultConfigurationIsVisible = 0;
		};
/* End XCConfigurationList section */

/* Begin XCVersionGroup section */
		84DBC68D1CB64CC4009C3A98 /* TinkoffDepositionPoints.xcdatamodeld */ = {
			isa = XCVersionGroup;
			children = (
				84DBC68E1CB64CC4009C3A98 /* TinkoffDepositionPoints.xcdatamodel */,
			);
			currentVersion = 84DBC68E1CB64CC4009C3A98 /* TinkoffDepositionPoints.xcdatamodel */;
			path = TinkoffDepositionPoints.xcdatamodeld;
			sourceTree = "<group>";
			versionGroupType = wrapper.xcdatamodel;
		};
/* End XCVersionGroup section */
	};
	rootObject = 84DBC6761CB64CC3009C3A98 /* Project object */;
}
